
Microsoft Visual Studio Solution File, Format Version 12.00
# Visual Studio Version 17
VisualStudioVersion = 17.5.33516.290
MinimumVisualStudioVersion = 10.0.40219.1
Project("{FAE04EC0-301F-11D3-BF4B-00C04F79EFBC}") = "FormulaOneApp", "FormulaOneApp.csproj", "{86B5AD3C-0EF5-4496-9B17-980563C550CA}"
EndProject
Global
	GlobalSection(SolutionConfigurationPlatforms) = preSolution
		Debug|Any CPU = Debug|Any CPU
		Release|Any CPU = Release|Any CPU
	EndGlobalSection
	GlobalSection(ProjectConfigurationPlatforms) = postSolution
		{86B5AD3C-0EF5-4496-9B17-980563C550CA}.Debug|Any CPU.ActiveCfg = Debug|Any CPU
		{86B5AD3C-0EF5-4496-9B17-980563C550CA}.Debug|Any CPU.Build.0 = Debug|Any CPU
		{86B5AD3C-0EF5-4496-9B17-980563C550CA}.Release|Any CPU.ActiveCfg = Release|Any CPU
		{86B5AD3C-0EF5-4496-9B17-980563C550CA}.Release|Any CPU.Build.0 = Release|Any CPU
	EndGlobalSection
	GlobalSection(SolutionProperties) = preSolution
		HideSolutionNode = FALSE
	EndGlobalSection
	GlobalSection(ExtensibilityGlobals) = postSolution
		SolutionGuid = {13B2D5F6-DCF6-4EE3-A054-FD3D1D16410C}
	EndGlobalSection
EndGlobal
